
Microsoft Visual Studio Solution File, Format Version 12.00
# Visual Studio Version 16
VisualStudioVersion = 16.0.31019.35
MinimumVisualStudioVersion = 15.0.26124.0
Project("{9A19103F-16F7-4668-BE54-9A1E7A4F7556}") = "RefitGenerator", "RefitGenerator\RefitGenerator.csproj", "{5432FA44-09C1-490B-8D66-AD6BD481207D}"
EndProject
Project("{FAE04EC0-301F-11D3-BF4B-00C04F79EFBC}") = "RefitGenerator.TestApi", "RefitGenerator.TestApi\RefitGenerator.TestApi.csproj", "{95743AB8-A891-4CF9-8F7E-7FC7889B58FF}"
EndProject
Global
	GlobalSection(SolutionConfigurationPlatforms) = preSolution
		Debug|Any CPU = Debug|Any CPU
		Debug|x64 = Debug|x64
		Debug|x86 = Debug|x86
		Release|Any CPU = Release|Any CPU
		Release|x64 = Release|x64
		Release|x86 = Release|x86
	EndGlobalSection
	GlobalSection(ProjectConfigurationPlatforms) = postSolution
		{5432FA44-09C1-490B-8D66-AD6BD481207D}.Debug|Any CPU.ActiveCfg = Debug|Any CPU
		{5432FA44-09C1-490B-8D66-AD6BD481207D}.Debug|Any CPU.Build.0 = Debug|Any CPU
		{5432FA44-09C1-490B-8D66-AD6BD481207D}.Debug|x64.ActiveCfg = Debug|Any CPU
		{5432FA44-09C1-490B-8D66-AD6BD481207D}.Debug|x64.Build.0 = Debug|Any CPU
		{5432FA44-09C1-490B-8D66-AD6BD481207D}.Debug|x86.ActiveCfg = Debug|Any CPU
		{5432FA44-09C1-490B-8D66-AD6BD481207D}.Debug|x86.Build.0 = Debug|Any CPU
		{5432FA44-09C1-490B-8D66-AD6BD481207D}.Release|Any CPU.ActiveCfg = Release|Any CPU
		{5432FA44-09C1-490B-8D66-AD6BD481207D}.Release|Any CPU.Build.0 = Release|Any CPU
		{5432FA44-09C1-490B-8D66-AD6BD481207D}.Release|x64.ActiveCfg = Release|Any CPU
		{5432FA44-09C1-490B-8D66-AD6BD481207D}.Release|x64.Build.0 = Release|Any CPU
		{5432FA44-09C1-490B-8D66-AD6BD481207D}.Release|x86.ActiveCfg = Release|Any CPU
		{5432FA44-09C1-490B-8D66-AD6BD481207D}.Release|x86.Build.0 = Release|Any CPU
		{95743AB8-A891-4CF9-8F7E-7FC7889B58FF}.Debug|Any CPU.ActiveCfg = Debug|Any CPU
		{95743AB8-A891-4CF9-8F7E-7FC7889B58FF}.Debug|Any CPU.Build.0 = Debug|Any CPU
		{95743AB8-A891-4CF9-8F7E-7FC7889B58FF}.Debug|x64.ActiveCfg = Debug|Any CPU
		{95743AB8-A891-4CF9-8F7E-7FC7889B58FF}.Debug|x64.Build.0 = Debug|Any CPU
		{95743AB8-A891-4CF9-8F7E-7FC7889B58FF}.Debug|x86.ActiveCfg = Debug|Any CPU
		{95743AB8-A891-4CF9-8F7E-7FC7889B58FF}.Debug|x86.Build.0 = Debug|Any CPU
		{95743AB8-A891-4CF9-8F7E-7FC7889B58FF}.Release|Any CPU.ActiveCfg = Release|Any CPU
		{95743AB8-A891-4CF9-8F7E-7FC7889B58FF}.Release|Any CPU.Build.0 = Release|Any CPU
		{95743AB8-A891-4CF9-8F7E-7FC7889B58FF}.Release|x64.ActiveCfg = Release|Any CPU
		{95743AB8-A891-4CF9-8F7E-7FC7889B58FF}.Release|x64.Build.0 = Release|Any CPU
		{95743AB8-A891-4CF9-8F7E-7FC7889B58FF}.Release|x86.ActiveCfg = Release|Any CPU
		{95743AB8-A891-4CF9-8F7E-7FC7889B58FF}.Release|x86.Build.0 = Release|Any CPU
	EndGlobalSection
	GlobalSection(SolutionProperties) = preSolution
		HideSolutionNode = FALSE
	EndGlobalSection
	GlobalSection(ExtensibilityGlobals) = postSolution
		SolutionGuid = {518AC925-E07A-47F8-87A6-83E56D85D8F3}
	EndGlobalSection
EndGlobal
